
Microsoft Visual Studio Solution File, Format Version 12.00
# Visual Studio Version 16
VisualStudioVersion = 25.0.1706.9
MinimumVisualStudioVersion = 10.0.40219.1
Project("{FAE04EC0-301F-11D3-BF4B-00C04F79EFBC}") = "My own TG bot", "My own TG bot\My own TG bot.csproj", "{94D940B5-F238-4BE2-A944-45344C843F97}"
EndProject
Global
	GlobalSection(SolutionConfigurationPlatforms) = preSolution
		Debug|Any CPU = Debug|Any CPU
		Release|Any CPU = Release|Any CPU
	EndGlobalSection
	GlobalSection(ProjectConfigurationPlatforms) = postSolution
		{94D940B5-F238-4BE2-A944-45344C843F97}.Debug|Any CPU.ActiveCfg = Debug|Any CPU
		{94D940B5-F238-4BE2-A944-45344C843F97}.Debug|Any CPU.Build.0 = Debug|Any CPU
		{94D940B5-F238-4BE2-A944-45344C843F97}.Release|Any CPU.ActiveCfg = Release|Any CPU
		{94D940B5-F238-4BE2-A944-45344C843F97}.Release|Any CPU.Build.0 = Release|Any CPU
	EndGlobalSection
	GlobalSection(SolutionProperties) = preSolution
		HideSolutionNode = FALSE
	EndGlobalSection
	GlobalSection(ExtensibilityGlobals) = postSolution
		SolutionGuid = {FEC4739E-1FF4-4A04-9412-1E5241A32DB5}
	EndGlobalSection
EndGlobal
